
Microsoft Visual Studio Solution File, Format Version 12.00
# Visual Studio Version 17
VisualStudioVersion = 17.7.34031.279
MinimumVisualStudioVersion = 10.0.40219.1
Project("{FAE04EC0-301F-11D3-BF4B-00C04F79EFBC}") = "ConsoleApp1", "ConsoleApp1\ConsoleApp1.csproj", "{BE18E157-CC0F-4BE3-B0AC-464D893AB4CA}"
EndProject
Global
	GlobalSection(SolutionConfigurationPlatforms) = preSolution
		Debug|Any CPU = Debug|Any CPU
		Release|Any CPU = Release|Any CPU
	EndGlobalSection
	GlobalSection(ProjectConfigurationPlatforms) = postSolution
		{BE18E157-CC0F-4BE3-B0AC-464D893AB4CA}.Debug|Any CPU.ActiveCfg = Debug|Any CPU
		{BE18E157-CC0F-4BE3-B0AC-464D893AB4CA}.Debug|Any CPU.Build.0 = Debug|Any CPU
		{BE18E157-CC0F-4BE3-B0AC-464D893AB4CA}.Release|Any CPU.ActiveCfg = Release|Any CPU
		{BE18E157-CC0F-4BE3-B0AC-464D893AB4CA}.Release|Any CPU.Build.0 = Release|Any CPU
	EndGlobalSection
	GlobalSection(SolutionProperties) = preSolution
		HideSolutionNode = FALSE
	EndGlobalSection
	GlobalSection(ExtensibilityGlobals) = postSolution
		SolutionGuid = {1211DB3F-5421-4D9A-AE9C-CAD46DB8A17A}
	EndGlobalSection
EndGlobal
